
Microsoft Visual Studio Solution File, Format Version 12.00
# Visual Studio Version 17
VisualStudioVersion = 17.7.34221.43
MinimumVisualStudioVersion = 10.0.40219.1
Project("{FAE04EC0-301F-11D3-BF4B-00C04F79EFBC}") = "fullstackApi", "fullstackApi\fullstackApi.csproj", "{57672947-FF3A-4133-93DE-F72B2A69EECB}"
EndProject
Global
	GlobalSection(SolutionConfigurationPlatforms) = preSolution
		Debug|Any CPU = Debug|Any CPU
		Release|Any CPU = Release|Any CPU
	EndGlobalSection
	GlobalSection(ProjectConfigurationPlatforms) = postSolution
		{57672947-FF3A-4133-93DE-F72B2A69EECB}.Debug|Any CPU.ActiveCfg = Debug|Any CPU
		{57672947-FF3A-4133-93DE-F72B2A69EECB}.Debug|Any CPU.Build.0 = Debug|Any CPU
		{57672947-FF3A-4133-93DE-F72B2A69EECB}.Release|Any CPU.ActiveCfg = Release|Any CPU
		{57672947-FF3A-4133-93DE-F72B2A69EECB}.Release|Any CPU.Build.0 = Release|Any CPU
	EndGlobalSection
	GlobalSection(SolutionProperties) = preSolution
		HideSolutionNode = FALSE
	EndGlobalSection
	GlobalSection(ExtensibilityGlobals) = postSolution
		SolutionGuid = {A6D041A2-7CE7-4955-98E9-3F7FE673989B}
	EndGlobalSection
EndGlobal
